// !$*UTF8*$!
{
	archiveVersion = 1;
	classes = {
	};
	objectVersion = 46;
	objects = {

/* Begin PBXBuildFile section */
		52B379EC1E5219F1003B0C5D /* kougihyouVC.swift in Sources */ = {isa = PBXBuildFile; fileRef = 52B379EB1E5219F1003B0C5D /* kougihyouVC.swift */; };
		815B0DDE1E00000200A453E1 /* AppDelegate.swift in Sources */ = {isa = PBXBuildFile; fileRef = 815B0DDD1E00000200A453E1 /* AppDelegate.swift */; };
		815B0DE01E00000200A453E1 /* ViewController.swift in Sources */ = {isa = PBXBuildFile; fileRef = 815B0DDF1E00000200A453E1 /* ViewController.swift */; };
		815B0DE31E00000200A453E1 /* Main.storyboard in Resources */ = {isa = PBXBuildFile; fileRef = 815B0DE11E00000200A453E1 /* Main.storyboard */; };
		815B0DE51E00000200A453E1 /* Assets.xcassets in Resources */ = {isa = PBXBuildFile; fileRef = 815B0DE41E00000200A453E1 /* Assets.xcassets */; };
		815B0DE81E00000200A453E1 /* LaunchScreen.storyboard in Resources */ = {isa = PBXBuildFile; fileRef = 815B0DE61E00000200A453E1 /* LaunchScreen.storyboard */; };
		815B0DF31E00000200A453E1 /* modeltestTests.swift in Sources */ = {isa = PBXBuildFile; fileRef = 815B0DF21E00000200A453E1 /* modeltestTests.swift */; };
		815B0DFE1E00000300A453E1 /* modeltestUITests.swift in Sources */ = {isa = PBXBuildFile; fileRef = 815B0DFD1E00000300A453E1 /* modeltestUITests.swift */; };
		81C8ED141E2FFAF50031091F /* jumpman_bl.jpg in Resources */ = {isa = PBXBuildFile; fileRef = 81C8ED131E2FFAF50031091F /* jumpman_bl.jpg */; };
/* End PBXBuildFile section */

/* Begin PBXContainerItemProxy section */
		815B0DEF1E00000200A453E1 /* PBXContainerItemProxy */ = {
			isa = PBXContainerItemProxy;
			containerPortal = 815B0DD21E00000100A453E1 /* Project object */;
			proxyType = 1;
			remoteGlobalIDString = 815B0DD91E00000100A453E1;
			remoteInfo = modeltest;
		};
		815B0DFA1E00000300A453E1 /* PBXContainerItemProxy */ = {
			isa = PBXContainerItemProxy;
			containerPortal = 815B0DD21E00000100A453E1 /* Project object */;
			proxyType = 1;
			remoteGlobalIDString = 815B0DD91E00000100A453E1;
			remoteInfo = modeltest;
		};
/* End PBXContainerItemProxy section */

/* Begin PBXFileReference section */
		52B379EB1E5219F1003B0C5D /* kougihyouVC.swift */ = {isa = PBXFileReference; fileEncoding = 4; lastKnownFileType = sourcecode.swift; path = kougihyouVC.swift; sourceTree = "<group>"; };
		815B0DDA1E00000200A453E1 /* modeltest.app */ = {isa = PBXFileReference; explicitFileType = wrapper.application; includeInIndex = 0; path = modeltest.app; sourceTree = BUILT_PRODUCTS_DIR; };
		815B0DDD1E00000200A453E1 /* AppDelegate.swift */ = {isa = PBXFileReference; lastKnownFileType = sourcecode.swift; path = AppDelegate.swift; sourceTree = "<group>"; };
		815B0DDF1E00000200A453E1 /* ViewController.swift */ = {isa = PBXFileReference; lastKnownFileType = sourcecode.swift; path = ViewController.swift; sourceTree = "<group>"; };
		815B0DE21E00000200A453E1 /* Base */ = {isa = PBXFileReference; lastKnownFileType = file.storyboard; name = Base; path = Base.lproj/Main.storyboard; sourceTree = "<group>"; };
		815B0DE41E00000200A453E1 /* Assets.xcassets */ = {isa = PBXFileReference; lastKnownFileType = folder.assetcatalog; path = Assets.xcassets; sourceTree = "<group>"; };
		815B0DE71E00000200A453E1 /* Base */ = {isa = PBXFileReference; lastKnownFileType = file.storyboard; name = Base; path = Base.lproj/LaunchScreen.storyboard; sourceTree = "<group>"; };
		815B0DE91E00000200A453E1 /* Info.plist */ = {isa = PBXFileReference; lastKnownFileType = text.plist.xml; path = Info.plist; sourceTree = "<group>"; };
		815B0DEE1E00000200A453E1 /* modeltestTests.xctest */ = {isa = PBXFileReference; explicitFileType = wrapper.cfbundle; includeInIndex = 0; path = modeltestTests.xctest; sourceTree = BUILT_PRODUCTS_DIR; };
		815B0DF21E00000200A453E1 /* modeltestTests.swift */ = {isa = PBXFileReference; lastKnownFileType = sourcecode.swift; path = modeltestTests.swift; sourceTree = "<group>"; };
		815B0DF41E00000200A453E1 /* Info.plist */ = {isa = PBXFileReference; lastKnownFileType = text.plist.xml; path = Info.plist; sourceTree = "<group>"; };
		815B0DF91E00000300A453E1 /* modeltestUITests.xctest */ = {isa = PBXFileReference; explicitFileType = wrapper.cfbundle; includeInIndex = 0; path = modeltestUITests.xctest; sourceTree = BUILT_PRODUCTS_DIR; };
		815B0DFD1E00000300A453E1 /* modeltestUITests.swift */ = {isa = PBXFileReference; lastKnownFileType = sourcecode.swift; path = modeltestUITests.swift; sourceTree = "<group>"; };
		815B0DFF1E00000300A453E1 /* Info.plist */ = {isa = PBXFileReference; lastKnownFileType = text.plist.xml; path = Info.plist; sourceTree = "<group>"; };
		81C8ED131E2FFAF50031091F /* jumpman_bl.jpg */ = {isa = PBXFileReference; lastKnownFileType = image.jpeg; path = jumpman_bl.jpg; sourceTree = "<group>"; };
/* End PBXFileReference section */

/* Begin PBXFrameworksBuildPhase section */
		815B0DD71E00000100A453E1 /* Frameworks */ = {
			isa = PBXFrameworksBuildPhase;
			buildActionMask = 2147483647;
			files = (
			);
			runOnlyForDeploymentPostprocessing = 0;
		};
		815B0DEB1E00000200A453E1 /* Frameworks */ = {
			isa = PBXFrameworksBuildPhase;
			buildActionMask = 2147483647;
			files = (
			);
			runOnlyForDeploymentPostprocessing = 0;
		};
		815B0DF61E00000300A453E1 /* Frameworks */ = {
			isa = PBXFrameworksBuildPhase;
			buildActionMask = 2147483647;
			files = (
			);
			runOnlyForDeploymentPostprocessing = 0;
		};
/* End PBXFrameworksBuildPhase section */

/* Begin PBXGroup section */
		815B0DD11E00000100A453E1 = {
			isa = PBXGroup;
			children = (
				81C8ED131E2FFAF50031091F /* jumpman_bl.jpg */,
				815B0DDC1E00000200A453E1 /* modeltest */,
				815B0DF11E00000200A453E1 /* modeltestTests */,
				815B0DFC1E00000300A453E1 /* modeltestUITests */,
				815B0DDB1E00000200A453E1 /* Products */,
			);
			sourceTree = "<group>";
		};
		815B0DDB1E00000200A453E1 /* Products */ = {
			isa = PBXGroup;
			children = (
				815B0DDA1E00000200A453E1 /* modeltest.app */,
				815B0DEE1E00000200A453E1 /* modeltestTests.xctest */,
				815B0DF91E00000300A453E1 /* modeltestUITests.xctest */,
			);
			name = Products;
			sourceTree = "<group>";
		};
		815B0DDC1E00000200A453E1 /* modeltest */ = {
			isa = PBXGroup;
			children = (
				815B0DDD1E00000200A453E1 /* AppDelegate.swift */,
				815B0DDF1E00000200A453E1 /* ViewController.swift */,
				815B0DE11E00000200A453E1 /* Main.storyboard */,
				52B379EB1E5219F1003B0C5D /* kougihyouVC.swift */,
				815B0DE41E00000200A453E1 /* Assets.xcassets */,
				815B0DE61E00000200A453E1 /* LaunchScreen.storyboard */,
				815B0DE91E00000200A453E1 /* Info.plist */,
			);
			path = modeltest;
			sourceTree = "<group>";
		};
		815B0DF11E00000200A453E1 /* modeltestTests */ = {
			isa = PBXGroup;
			children = (
				815B0DF21E00000200A453E1 /* modeltestTests.swift */,
				815B0DF41E00000200A453E1 /* Info.plist */,
			);
			path = modeltestTests;
			sourceTree = "<group>";
		};
		815B0DFC1E00000300A453E1 /* modeltestUITests */ = {
			isa = PBXGroup;
			children = (
				815B0DFD1E00000300A453E1 /* modeltestUITests.swift */,
				815B0DFF1E00000300A453E1 /* Info.plist */,
			);
			path = modeltestUITests;
			sourceTree = "<group>";
		};
/* End PBXGroup section */

/* Begin PBXNativeTarget section */
		815B0DD91E00000100A453E1 /* modeltest */ = {
			isa = PBXNativeTarget;
			buildConfigurationList = 815B0E021E00000300A453E1 /* Build configuration list for PBXNativeTarget "modeltest" */;
			buildPhases = (
				815B0DD61E00000100A453E1 /* Sources */,
				815B0DD71E00000100A453E1 /* Frameworks */,
				815B0DD81E00000100A453E1 /* Resources */,
			);
			buildRules = (
			);
			dependencies = (
			);
			name = modeltest;
			productName = modeltest;
			productReference = 815B0DDA1E00000200A453E1 /* modeltest.app */;
			productType = "com.apple.product-type.application";
		};
		815B0DED1E00000200A453E1 /* modeltestTests */ = {
			isa = PBXNativeTarget;
			buildConfigurationList = 815B0E051E00000300A453E1 /* Build configuration list for PBXNativeTarget "modeltestTests" */;
			buildPhases = (
				815B0DEA1E00000200A453E1 /* Sources */,
				815B0DEB1E00000200A453E1 /* Frameworks */,
				815B0DEC1E00000200A453E1 /* Resources */,
			);
			buildRules = (
			);
			dependencies = (
				815B0DF01E00000200A453E1 /* PBXTargetDependency */,
			);
			name = modeltestTests;
			productName = modeltestTests;
			productReference = 815B0DEE1E00000200A453E1 /* modeltestTests.xctest */;
			productType = "com.apple.product-type.bundle.unit-test";
		};
		815B0DF81E00000300A453E1 /* modeltestUITests */ = {
			isa = PBXNativeTarget;
			buildConfigurationList = 815B0E081E00000300A453E1 /* Build configuration list for PBXNativeTarget "modeltestUITests" */;
			buildPhases = (
				815B0DF51E00000300A453E1 /* Sources */,
				815B0DF61E00000300A453E1 /* Frameworks */,
				815B0DF71E00000300A453E1 /* Resources */,
			);
			buildRules = (
			);
			dependencies = (
				815B0DFB1E00000300A453E1 /* PBXTargetDependency */,
			);
			name = modeltestUITests;
			productName = modeltestUITests;
			productReference = 815B0DF91E00000300A453E1 /* modeltestUITests.xctest */;
			productType = "com.apple.product-type.bundle.ui-testing";
		};
/* End PBXNativeTarget section */

/* Begin PBXProject section */
		815B0DD21E00000100A453E1 /* Project object */ = {
			isa = PBXProject;
			attributes = {
				LastSwiftUpdateCheck = 0810;
				LastUpgradeCheck = 0810;
				ORGANIZATIONNAME = "野上貴司";
				TargetAttributes = {
					815B0DD91E00000100A453E1 = {
						CreatedOnToolsVersion = 8.1;
						ProvisioningStyle = Automatic;
					};
					815B0DED1E00000200A453E1 = {
						CreatedOnToolsVersion = 8.1;
						ProvisioningStyle = Automatic;
						TestTargetID = 815B0DD91E00000100A453E1;
					};
					815B0DF81E00000300A453E1 = {
						CreatedOnToolsVersion = 8.1;
						ProvisioningStyle = Automatic;
						TestTargetID = 815B0DD91E00000100A453E1;
					};
				};
			};
			buildConfigurationList = 815B0DD51E00000100A453E1 /* Build configuration list for PBXProject "modeltest" */;
			compatibilityVersion = "Xcode 3.2";
			developmentRegion = English;
			hasScannedForEncodings = 0;
			knownRegions = (
				en,
				Base,
			);
			mainGroup = 815B0DD11E00000100A453E1;
			productRefGroup = 815B0DDB1E00000200A453E1 /* Products */;
			projectDirPath = "";
			projectRoot = "";
			targets = (
				815B0DD91E00000100A453E1 /* modeltest */,
				815B0DED1E00000200A453E1 /* modeltestTests */,
				815B0DF81E00000300A453E1 /* modeltestUITests */,
			);
		};
/* End PBXProject section */

/* Begin PBXResourcesBuildPhase section */
		815B0DD81E00000100A453E1 /* Resources */ = {
			isa = PBXResourcesBuildPhase;
			buildActionMask = 2147483647;
			files = (
				815B0DE81E00000200A453E1 /* LaunchScreen.storyboard in Resources */,
				815B0DE51E00000200A453E1 /* Assets.xcassets in Resources */,
				81C8ED141E2FFAF50031091F /* jumpman_bl.jpg in Resources */,
				815B0DE31E00000200A453E1 /* Main.storyboard in Resources */,
			);
			runOnlyForDeploymentPostprocessing = 0;
		};
		815B0DEC1E00000200A453E1 /* Resources */ = {
			isa = PBXResourcesBuildPhase;
			buildActionMask = 2147483647;
			files = (
			);
			runOnlyForDeploymentPostprocessing = 0;
		};
		815B0DF71E00000300A453E1 /* Resources */ = {
			isa = PBXResourcesBuildPhase;
			buildActionMask = 2147483647;
			files = (
			);
			runOnlyForDeploymentPostprocessing = 0;
		};
/* End PBXResourcesBuildPhase section */

/* Begin PBXSourcesBuildPhase section */
		815B0DD61E00000100A453E1 /* Sources */ = {
			isa = PBXSourcesBuildPhase;
			buildActionMask = 2147483647;
			files = (
				52B379EC1E5219F1003B0C5D /* kougihyouVC.swift in Sources */,
				815B0DE01E00000200A453E1 /* ViewController.swift in Sources */,
				815B0DDE1E00000200A453E1 /* AppDelegate.swift in Sources */,
			);
			runOnlyForDeploymentPostprocessing = 0;
		};
		815B0DEA1E00000200A453E1 /* Sources */ = {
			isa = PBXSourcesBuildPhase;
			buildActionMask = 2147483647;
			files = (
				815B0DF31E00000200A453E1 /* modeltestTests.swift in Sources */,
			);
			runOnlyForDeploymentPostprocessing = 0;
		};
		815B0DF51E00000300A453E1 /* Sources */ = {
			isa = PBXSourcesBuildPhase;
			buildActionMask = 2147483647;
			files = (
				815B0DFE1E00000300A453E1 /* modeltestUITests.swift in Sources */,
			);
			runOnlyForDeploymentPostprocessing = 0;
		};
/* End PBXSourcesBuildPhase section */

/* Begin PBXTargetDependency section */
		815B0DF01E00000200A453E1 /* PBXTargetDependency */ = {
			isa = PBXTargetDependency;
			target = 815B0DD91E00000100A453E1 /* modeltest */;
			targetProxy = 815B0DEF1E00000200A453E1 /* PBXContainerItemProxy */;
		};
		815B0DFB1E00000300A453E1 /* PBXTargetDependency */ = {
			isa = PBXTargetDependency;
			target = 815B0DD91E00000100A453E1 /* modeltest */;
			targetProxy = 815B0DFA1E00000300A453E1 /* PBXContainerItemProxy */;
		};
/* End PBXTargetDependency section */

/* Begin PBXVariantGroup section */
		815B0DE11E00000200A453E1 /* Main.storyboard */ = {
			isa = PBXVariantGroup;
			children = (
				815B0DE21E00000200A453E1 /* Base */,
			);
			name = Main.storyboard;
			sourceTree = "<group>";
		};
		815B0DE61E00000200A453E1 /* LaunchScreen.storyboard */ = {
			isa = PBXVariantGroup;
			children = (
				815B0DE71E00000200A453E1 /* Base */,
			);
			name = LaunchScreen.storyboard;
			sourceTree = "<group>";
		};
/* End PBXVariantGroup section */

/* Begin XCBuildConfiguration section */
		815B0E001E00000300A453E1 /* Debug */ = {
			isa = XCBuildConfiguration;
			buildSettings = {
				ALWAYS_SEARCH_USER_PATHS = NO;
				CLANG_ANALYZER_NONNULL = YES;
				CLANG_CXX_LANGUAGE_STANDARD = "gnu++0x";
				CLANG_CXX_LIBRARY = "libc++";
				CLANG_ENABLE_MODULES = YES;
				CLANG_ENABLE_OBJC_ARC = YES;
				CLANG_WARN_BOOL_CONVERSION = YES;
				CLANG_WARN_CONSTANT_CONVERSION = YES;
				CLANG_WARN_DIRECT_OBJC_ISA_USAGE = YES_ERROR;
				CLANG_WARN_DOCUMENTATION_COMMENTS = YES;
				CLANG_WARN_EMPTY_BODY = YES;
				CLANG_WARN_ENUM_CONVERSION = YES;
				CLANG_WARN_INFINITE_RECURSION = YES;
				CLANG_WARN_INT_CONVERSION = YES;
				CLANG_WARN_OBJC_ROOT_CLASS = YES_ERROR;
				CLANG_WARN_SUSPICIOUS_MOVES = YES;
				CLANG_WARN_UNREACHABLE_CODE = YES;
				CLANG_WARN__DUPLICATE_METHOD_MATCH = YES;
				"CODE_SIGN_IDENTITY[sdk=iphoneos*]" = "iPhone Developer";
				COPY_PHASE_STRIP = NO;
				DEBUG_INFORMATION_FORMAT = dwarf;
				ENABLE_STRICT_OBJC_MSGSEND = YES;
				ENABLE_TESTABILITY = YES;
				GCC_C_LANGUAGE_STANDARD = gnu99;
				GCC_DYNAMIC_NO_PIC = NO;
				GCC_NO_COMMON_BLOCKS = YES;
				GCC_OPTIMIZATION_LEVEL = 0;
				GCC_PREPROCESSOR_DEFINITIONS = (
					"DEBUG=1",
					"$(inherited)",
				);
				GCC_WARN_64_TO_32_BIT_CONVERSION = YES;
				GCC_WARN_ABOUT_RETURN_TYPE = YES_ERROR;
				GCC_WARN_UNDECLARED_SELECTOR = YES;
				GCC_WARN_UNINITIALIZED_AUTOS = YES_AGGRESSIVE;
				GCC_WARN_UNUSED_FUNCTION = YES;
				GCC_WARN_UNUSED_VARIABLE = YES;
				IPHONEOS_DEPLOYMENT_TARGET = 10.1;
				MTL_ENABLE_DEBUG_INFO = YES;
				ONLY_ACTIVE_ARCH = YES;
				SDKROOT = iphoneos;
				SWIFT_ACTIVE_COMPILATION_CONDITIONS = DEBUG;
				SWIFT_OPTIMIZATION_LEVEL = "-Onone";
				TARGETED_DEVICE_FAMILY = "1,2";
			};
			name = Debug;
		};
		815B0E011E00000300A453E1 /* Release */ = {
			isa = XCBuildConfiguration;
			buildSettings = {
				ALWAYS_SEARCH_USER_PATHS = NO;
				CLANG_ANALYZER_NONNULL = YES;
				CLANG_CXX_LANGUAGE_STANDARD = "gnu++0x";
				CLANG_CXX_LIBRARY = "libc++";
				CLANG_ENABLE_MODULES = YES;
				CLANG_ENABLE_OBJC_ARC = YES;
				CLANG_WARN_BOOL_CONVERSION = YES;
				CLANG_WARN_CONSTANT_CONVERSION = YES;
				CLANG_WARN_DIRECT_OBJC_ISA_USAGE = YES_ERROR;
				CLANG_WARN_DOCUMENTATION_COMMENTS = YES;
				CLANG_WARN_EMPTY_BODY = YES;
				CLANG_WARN_ENUM_CONVERSION = YES;
				CLANG_WARN_INFINITE_RECURSION = YES;
				CLANG_WARN_INT_CONVERSION = YES;
				CLANG_WARN_OBJC_ROOT_CLASS = YES_ERROR;
				CLANG_WARN_SUSPICIOUS_MOVES = YES;
				CLANG_WARN_UNREACHABLE_CODE = YES;
				CLANG_WARN__DUPLICATE_METHOD_MATCH = YES;
				"CODE_SIGN_IDENTITY[sdk=iphoneos*]" = "iPhone Developer";
				COPY_PHASE_STRIP = NO;
				DEBUG_INFORMATION_FORMAT = "dwarf-with-dsym";
				ENABLE_NS_ASSERTIONS = NO;
				ENABLE_STRICT_OBJC_MSGSEND = YES;
				GCC_C_LANGUAGE_STANDARD = gnu99;
				GCC_NO_COMMON_BLOCKS = YES;
				GCC_WARN_64_TO_32_BIT_CONVERSION = YES;
				GCC_WARN_ABOUT_RETURN_TYPE = YES_ERROR;
				GCC_WARN_UNDECLARED_SELECTOR = YES;
				GCC_WARN_UNINITIALIZED_AUTOS = YES_AGGRESSIVE;
				GCC_WARN_UNUSED_FUNCTION = YES;
				GCC_WARN_UNUSED_VARIABLE = YES;
				IPHONEOS_DEPLOYMENT_TARGET = 10.1;
				MTL_ENABLE_DEBUG_INFO = NO;
				SDKROOT = iphoneos;
				SWIFT_OPTIMIZATION_LEVEL = "-Owholemodule";
				TARGETED_DEVICE_FAMILY = "1,2";
				VALIDATE_PRODUCT = YES;
			};
			name = Release;
		};
		815B0E031E00000300A453E1 /* Debug */ = {
			isa = XCBuildConfiguration;
			buildSettings = {
				ASSETCATALOG_COMPILER_APPICON_NAME = AppIcon;
				INFOPLIST_FILE = modeltest/Info.plist;
				LD_RUNPATH_SEARCH_PATHS = "$(inherited) @executable_path/Frameworks";
				PRODUCT_BUNDLE_IDENTIFIER = e145768.modeltest;
				PRODUCT_NAME = "$(TARGET_NAME)";
				SWIFT_VERSION = 3.0;
			};
			name = Debug;
		};
		815B0E041E00000300A453E1 /* Release */ = {
			isa = XCBuildConfiguration;
			buildSettings = {
				ASSETCATALOG_COMPILER_APPICON_NAME = AppIcon;
				INFOPLIST_FILE = modeltest/Info.plist;
				LD_RUNPATH_SEARCH_PATHS = "$(inherited) @executable_path/Frameworks";
				PRODUCT_BUNDLE_IDENTIFIER = e145768.modeltest;
				PRODUCT_NAME = "$(TARGET_NAME)";
				SWIFT_VERSION = 3.0;
			};
			name = Release;
		};
		815B0E061E00000300A453E1 /* Debug */ = {
			isa = XCBuildConfiguration;
			buildSettings = {
				ALWAYS_EMBED_SWIFT_STANDARD_LIBRARIES = YES;
				BUNDLE_LOADER = "$(TEST_HOST)";
				INFOPLIST_FILE = modeltestTests/Info.plist;
				LD_RUNPATH_SEARCH_PATHS = "$(inherited) @executable_path/Frameworks @loader_path/Frameworks";
				PRODUCT_BUNDLE_IDENTIFIER = e145768.modeltestTests;
				PRODUCT_NAME = "$(TARGET_NAME)";
				SWIFT_VERSION = 3.0;
				TEST_HOST = "$(BUILT_PRODUCTS_DIR)/modeltest.app/modeltest";
			};
			name = Debug;
		};
		815B0E071E00000300A453E1 /* Release */ = {
			isa = XCBuildConfiguration;
			buildSettings = {
				ALWAYS_EMBED_SWIFT_STANDARD_LIBRARIES = YES;
				BUNDLE_LOADER = "$(TEST_HOST)";
				INFOPLIST_FILE = modeltestTests/Info.plist;
				LD_RUNPATH_SEARCH_PATHS = "$(inherited) @executable_path/Frameworks @loader_path/Frameworks";
				PRODUCT_BUNDLE_IDENTIFIER = e145768.modeltestTests;
				PRODUCT_NAME = "$(TARGET_NAME)";
				SWIFT_VERSION = 3.0;
				TEST_HOST = "$(BUILT_PRODUCTS_DIR)/modeltest.app/modeltest";
			};
			name = Release;
		};
		815B0E091E00000300A453E1 /* Debug */ = {
			isa = XCBuildConfiguration;
			buildSettings = {
				ALWAYS_EMBED_SWIFT_STANDARD_LIBRARIES = YES;
				INFOPLIST_FILE = modeltestUITests/Info.plist;
				LD_RUNPATH_SEARCH_PATHS = "$(inherited) @executable_path/Frameworks @loader_path/Frameworks";
				PRODUCT_BUNDLE_IDENTIFIER = e145768.modeltestUITests;
				PRODUCT_NAME = "$(TARGET_NAME)";
				SWIFT_VERSION = 3.0;
				TEST_TARGET_NAME = modeltest;
			};
			name = Debug;
		};
		815B0E0A1E00000300A453E1 /* Release */ = {
			isa = XCBuildConfiguration;
			buildSettings = {
				ALWAYS_EMBED_SWIFT_STANDARD_LIBRARIES = YES;
				INFOPLIST_FILE = modeltestUITests/Info.plist;
				LD_RUNPATH_SEARCH_PATHS = "$(inherited) @executable_path/Frameworks @loader_path/Frameworks";
				PRODUCT_BUNDLE_IDENTIFIER = e145768.modeltestUITests;
				PRODUCT_NAME = "$(TARGET_NAME)";
				SWIFT_VERSION = 3.0;
				TEST_TARGET_NAME = modeltest;
			};
			name = Release;
		};
/* End XCBuildConfiguration section */

/* Begin XCConfigurationList section */
		815B0DD51E00000100A453E1 /* Build configuration list for PBXProject "modeltest" */ = {
			isa = XCConfigurationList;
			buildConfigurations = (
				815B0E001E00000300A453E1 /* Debug */,
				815B0E011E00000300A453E1 /* Release */,
			);
			defaultConfigurationIsVisible = 0;
			defaultConfigurationName = Release;
		};
		815B0E021E00000300A453E1 /* Build configuration list for PBXNativeTarget "modeltest" */ = {
			isa = XCConfigurationList;
			buildConfigurations = (
				815B0E031E00000300A453E1 /* Debug */,
				815B0E041E00000300A453E1 /* Release */,
			);
			defaultConfigurationIsVisible = 0;
			defaultConfigurationName = Release;
		};
		815B0E051E00000300A453E1 /* Build configuration list for PBXNativeTarget "modeltestTests" */ = {
			isa = XCConfigurationList;
			buildConfigurations = (
				815B0E061E00000300A453E1 /* Debug */,
				815B0E071E00000300A453E1 /* Release */,
			);
			defaultConfigurationIsVisible = 0;
			defaultConfigurationName = Release;
		};
		815B0E081E00000300A453E1 /* Build configuration list for PBXNativeTarget "modeltestUITests" */ = {
			isa = XCConfigurationList;
			buildConfigurations = (
				815B0E091E00000300A453E1 /* Debug */,
				815B0E0A1E00000300A453E1 /* Release */,
			);
			defaultConfigurationIsVisible = 0;
			defaultConfigurationName = Release;
		};
/* End XCConfigurationList section */
	};
	rootObject = 815B0DD21E00000100A453E1 /* Project object */;
}
